// !$*UTF8*$!
{
	archiveVersion = 1;
	classes = {
	};
	objectVersion = 56;
	objects = {

/* Begin PBXBuildFile section */
		A71196F22C28AE4C0011F308 /* NotesTests.swift in Sources */ = {isa = PBXBuildFile; fileRef = A71196F12C28AE4C0011F308 /* NotesTests.swift */; };
		A71196F92C28B6C80011F308 /* ViewModelTest.swift in Sources */ = {isa = PBXBuildFile; fileRef = A71196F82C28B6C80011F308 /* ViewModelTest.swift */; };
		A71196FC2C28C4220011F308 /* NotesDatabase.swift in Sources */ = {isa = PBXBuildFile; fileRef = A71196FB2C28C4220011F308 /* NotesDatabase.swift */; };
		A79E92CC2C163F7B00970DE8 /* NotesTestingApp.swift in Sources */ = {isa = PBXBuildFile; fileRef = A79E92CB2C163F7B00970DE8 /* NotesTestingApp.swift */; };
		A79E92CE2C163F7B00970DE8 /* ContentView.swift in Sources */ = {isa = PBXBuildFile; fileRef = A79E92CD2C163F7B00970DE8 /* ContentView.swift */; };
		A79E92D22C163F7C00970DE8 /* Assets.xcassets in Resources */ = {isa = PBXBuildFile; fileRef = A79E92D12C163F7C00970DE8 /* Assets.xcassets */; };
		A79E92D52C163F7C00970DE8 /* Preview Assets.xcassets in Resources */ = {isa = PBXBuildFile; fileRef = A79E92D42C163F7C00970DE8 /* Preview Assets.xcassets */; };
		A79E92DD2C163FF600970DE8 /* Note.swift in Sources */ = {isa = PBXBuildFile; fileRef = A79E92DC2C163FF600970DE8 /* Note.swift */; };
		A79E92E12C16408400970DE8 /* NotesViewModel.swift in Sources */ = {isa = PBXBuildFile; fileRef = A79E92E02C16408400970DE8 /* NotesViewModel.swift */; };
		A79E92E32C164A8300970DE8 /* CreateNoteView.swift in Sources */ = {isa = PBXBuildFile; fileRef = A79E92E22C164A8300970DE8 /* CreateNoteView.swift */; };
		A79E92E52C165D1D00970DE8 /* UpdateNoteView.swift in Sources */ = {isa = PBXBuildFile; fileRef = A79E92E42C165D1D00970DE8 /* UpdateNoteView.swift */; };
		A7F1579B2C30D170009F1AB6 /* CreateNoteUseCase.swift in Sources */ = {isa = PBXBuildFile; fileRef = A7F1579A2C30D170009F1AB6 /* CreateNoteUseCase.swift */; };
		A7F1579D2C30D1D8009F1AB6 /* FetchNotesUseCase.swift in Sources */ = {isa = PBXBuildFile; fileRef = A7F1579C2C30D1D8009F1AB6 /* FetchNotesUseCase.swift */; };
		A7F1579F2C30D417009F1AB6 /* ViewModelIntegrationTest.swift in Sources */ = {isa = PBXBuildFile; fileRef = A7F1579E2C30D417009F1AB6 /* ViewModelIntegrationTest.swift */; };
/* End PBXBuildFile section */

/* Begin PBXContainerItemProxy section */
		A71196F32C28AE4C0011F308 /* PBXContainerItemProxy */ = {
			isa = PBXContainerItemProxy;
			containerPortal = A79E92C02C163F7B00970DE8 /* Project object */;
			proxyType = 1;
			remoteGlobalIDString = A79E92C72C163F7B00970DE8;
			remoteInfo = NotesTesting;
		};
/* End PBXContainerItemProxy section */

/* Begin PBXFileReference section */
		A71196EF2C28AE4C0011F308 /* NotesTests.xctest */ = {isa = PBXFileReference; explicitFileType = wrapper.cfbundle; includeInIndex = 0; path = NotesTests.xctest; sourceTree = BUILT_PRODUCTS_DIR; };
		A71196F12C28AE4C0011F308 /* NotesTests.swift */ = {isa = PBXFileReference; lastKnownFileType = sourcecode.swift; path = NotesTests.swift; sourceTree = "<group>"; };
		A71196F82C28B6C80011F308 /* ViewModelTest.swift */ = {isa = PBXFileReference; lastKnownFileType = sourcecode.swift; path = ViewModelTest.swift; sourceTree = "<group>"; };
		A71196FB2C28C4220011F308 /* NotesDatabase.swift */ = {isa = PBXFileReference; lastKnownFileType = sourcecode.swift; path = NotesDatabase.swift; sourceTree = "<group>"; };
		A79E92C82C163F7B00970DE8 /* NotesTesting.app */ = {isa = PBXFileReference; explicitFileType = wrapper.application; includeInIndex = 0; path = NotesTesting.app; sourceTree = BUILT_PRODUCTS_DIR; };
		A79E92CB2C163F7B00970DE8 /* NotesTestingApp.swift */ = {isa = PBXFileReference; lastKnownFileType = sourcecode.swift; path = NotesTestingApp.swift; sourceTree = "<group>"; };
		A79E92CD2C163F7B00970DE8 /* ContentView.swift */ = {isa = PBXFileReference; lastKnownFileType = sourcecode.swift; path = ContentView.swift; sourceTree = "<group>"; };
		A79E92D12C163F7C00970DE8 /* Assets.xcassets */ = {isa = PBXFileReference; lastKnownFileType = folder.assetcatalog; path = Assets.xcassets; sourceTree = "<group>"; };
		A79E92D42C163F7C00970DE8 /* Preview Assets.xcassets */ = {isa = PBXFileReference; lastKnownFileType = folder.assetcatalog; path = "Preview Assets.xcassets"; sourceTree = "<group>"; };
		A79E92DC2C163FF600970DE8 /* Note.swift */ = {isa = PBXFileReference; lastKnownFileType = sourcecode.swift; path = Note.swift; sourceTree = "<group>"; };
		A79E92E02C16408400970DE8 /* NotesViewModel.swift */ = {isa = PBXFileReference; lastKnownFileType = sourcecode.swift; path = NotesViewModel.swift; sourceTree = "<group>"; };
		A79E92E22C164A8300970DE8 /* CreateNoteView.swift */ = {isa = PBXFileReference; lastKnownFileType = sourcecode.swift; path = CreateNoteView.swift; sourceTree = "<group>"; };
		A79E92E42C165D1D00970DE8 /* UpdateNoteView.swift */ = {isa = PBXFileReference; lastKnownFileType = sourcecode.swift; path = UpdateNoteView.swift; sourceTree = "<group>"; };
		A7F1579A2C30D170009F1AB6 /* CreateNoteUseCase.swift */ = {isa = PBXFileReference; lastKnownFileType = sourcecode.swift; path = CreateNoteUseCase.swift; sourceTree = "<group>"; };
		A7F1579C2C30D1D8009F1AB6 /* FetchNotesUseCase.swift */ = {isa = PBXFileReference; lastKnownFileType = sourcecode.swift; path = FetchNotesUseCase.swift; sourceTree = "<group>"; };
		A7F1579E2C30D417009F1AB6 /* ViewModelIntegrationTest.swift */ = {isa = PBXFileReference; lastKnownFileType = sourcecode.swift; path = ViewModelIntegrationTest.swift; sourceTree = "<group>"; };
/* End PBXFileReference section */

/* Begin PBXFrameworksBuildPhase section */
		A71196EC2C28AE4C0011F308 /* Frameworks */ = {
			isa = PBXFrameworksBuildPhase;
			buildActionMask = 2147483647;
			files = (
			);
			runOnlyForDeploymentPostprocessing = 0;
		};
		A79E92C52C163F7B00970DE8 /* Frameworks */ = {
			isa = PBXFrameworksBuildPhase;
			buildActionMask = 2147483647;
			files = (
			);
			runOnlyForDeploymentPostprocessing = 0;
		};
/* End PBXFrameworksBuildPhase section */

/* Begin PBXGroup section */
		A71196F02C28AE4C0011F308 /* NotesTests */ = {
			isa = PBXGroup;
			children = (
				A71196F12C28AE4C0011F308 /* NotesTests.swift */,
				A71196F82C28B6C80011F308 /* ViewModelTest.swift */,
				A7F1579E2C30D417009F1AB6 /* ViewModelIntegrationTest.swift */,
			);
			path = NotesTests;
			sourceTree = "<group>";
		};
		A71196FA2C28C4090011F308 /* Data */ = {
			isa = PBXGroup;
			children = (
				A71196FB2C28C4220011F308 /* NotesDatabase.swift */,
			);
			path = Data;
			sourceTree = "<group>";
		};
		A79E92BF2C163F7B00970DE8 = {
			isa = PBXGroup;
			children = (
				A79E92CA2C163F7B00970DE8 /* NotesTesting */,
				A71196F02C28AE4C0011F308 /* NotesTests */,
				A79E92C92C163F7B00970DE8 /* Products */,
			);
			sourceTree = "<group>";
		};
		A79E92C92C163F7B00970DE8 /* Products */ = {
			isa = PBXGroup;
			children = (
				A79E92C82C163F7B00970DE8 /* NotesTesting.app */,
				A71196EF2C28AE4C0011F308 /* NotesTests.xctest */,
			);
			name = Products;
			sourceTree = "<group>";
		};
		A79E92CA2C163F7B00970DE8 /* NotesTesting */ = {
			isa = PBXGroup;
			children = (
				A7F157992C30D15C009F1AB6 /* UseCases */,
				A71196FA2C28C4090011F308 /* Data */,
				A79E92DF2C16407C00970DE8 /* ViewModel */,
				A79E92DE2C16405800970DE8 /* View */,
				A79E92DB2C163FE400970DE8 /* Model */,
				A79E92CB2C163F7B00970DE8 /* NotesTestingApp.swift */,
				A79E92CD2C163F7B00970DE8 /* ContentView.swift */,
				A79E92D12C163F7C00970DE8 /* Assets.xcassets */,
				A79E92D32C163F7C00970DE8 /* Preview Content */,
			);
			path = NotesTesting;
			sourceTree = "<group>";
		};
		A79E92D32C163F7C00970DE8 /* Preview Content */ = {
			isa = PBXGroup;
			children = (
				A79E92D42C163F7C00970DE8 /* Preview Assets.xcassets */,
			);
			path = "Preview Content";
			sourceTree = "<group>";
		};
		A79E92DB2C163FE400970DE8 /* Model */ = {
			isa = PBXGroup;
			children = (
				A79E92DC2C163FF600970DE8 /* Note.swift */,
			);
			path = Model;
			sourceTree = "<group>";
		};
		A79E92DE2C16405800970DE8 /* View */ = {
			isa = PBXGroup;
			children = (
				A79E92E22C164A8300970DE8 /* CreateNoteView.swift */,
				A79E92E42C165D1D00970DE8 /* UpdateNoteView.swift */,
			);
			path = View;
			sourceTree = "<group>";
		};
		A79E92DF2C16407C00970DE8 /* ViewModel */ = {
			isa = PBXGroup;
			children = (
				A79E92E02C16408400970DE8 /* NotesViewModel.swift */,
			);
			path = ViewModel;
			sourceTree = "<group>";
		};
		A7F157992C30D15C009F1AB6 /* UseCases */ = {
			isa = PBXGroup;
			children = (
				A7F1579A2C30D170009F1AB6 /* CreateNoteUseCase.swift */,
				A7F1579C2C30D1D8009F1AB6 /* FetchNotesUseCase.swift */,
			);
			path = UseCases;
			sourceTree = "<group>";
		};
/* End PBXGroup section */

/* Begin PBXNativeTarget section */
		A71196EE2C28AE4C0011F308 /* NotesTests */ = {
			isa = PBXNativeTarget;
			buildConfigurationList = A71196F72C28AE4C0011F308 /* Build configuration list for PBXNativeTarget "NotesTests" */;
			buildPhases = (
				A71196EB2C28AE4C0011F308 /* Sources */,
				A71196EC2C28AE4C0011F308 /* Frameworks */,
				A71196ED2C28AE4C0011F308 /* Resources */,
			);
			buildRules = (
			);
			dependencies = (
				A71196F42C28AE4C0011F308 /* PBXTargetDependency */,
			);
			name = NotesTests;
			productName = NotesTests;
			productReference = A71196EF2C28AE4C0011F308 /* NotesTests.xctest */;
			productType = "com.apple.product-type.bundle.unit-test";
		};
		A79E92C72C163F7B00970DE8 /* NotesTesting */ = {
			isa = PBXNativeTarget;
			buildConfigurationList = A79E92D82C163F7C00970DE8 /* Build configuration list for PBXNativeTarget "NotesTesting" */;
			buildPhases = (
				A79E92C42C163F7B00970DE8 /* Sources */,
				A79E92C52C163F7B00970DE8 /* Frameworks */,
				A79E92C62C163F7B00970DE8 /* Resources */,
			);
			buildRules = (
			);
			dependencies = (
			);
			name = NotesTesting;
			productName = NotesTesting;
			productReference = A79E92C82C163F7B00970DE8 /* NotesTesting.app */;
			productType = "com.apple.product-type.application";
		};
/* End PBXNativeTarget section */

/* Begin PBXProject section */
		A79E92C02C163F7B00970DE8 /* Project object */ = {
			isa = PBXProject;
			attributes = {
				BuildIndependentTargetsInParallel = 1;
				LastSwiftUpdateCheck = 1530;
				LastUpgradeCheck = 1530;
				TargetAttributes = {
					A71196EE2C28AE4C0011F308 = {
						CreatedOnToolsVersion = 15.3;
						TestTargetID = A79E92C72C163F7B00970DE8;
					};
					A79E92C72C163F7B00970DE8 = {
						CreatedOnToolsVersion = 15.3;
					};
				};
			};
			buildConfigurationList = A79E92C32C163F7B00970DE8 /* Build configuration list for PBXProject "NotesTesting" */;
			compatibilityVersion = "Xcode 14.0";
			developmentRegion = en;
			hasScannedForEncodings = 0;
			knownRegions = (
				en,
				Base,
			);
			mainGroup = A79E92BF2C163F7B00970DE8;
			productRefGroup = A79E92C92C163F7B00970DE8 /* Products */;
			projectDirPath = "";
			projectRoot = "";
			targets = (
				A79E92C72C163F7B00970DE8 /* NotesTesting */,
				A71196EE2C28AE4C0011F308 /* NotesTests */,
			);
		};
/* End PBXProject section */

/* Begin PBXResourcesBuildPhase section */
		A71196ED2C28AE4C0011F308 /* Resources */ = {
			isa = PBXResourcesBuildPhase;
			buildActionMask = 2147483647;
			files = (
			);
			runOnlyForDeploymentPostprocessing = 0;
		};
		A79E92C62C163F7B00970DE8 /* Resources */ = {
			isa = PBXResourcesBuildPhase;
			buildActionMask = 2147483647;
			files = (
				A79E92D52C163F7C00970DE8 /* Preview Assets.xcassets in Resources */,
				A79E92D22C163F7C00970DE8 /* Assets.xcassets in Resources */,
			);
			runOnlyForDeploymentPostprocessing = 0;
		};
/* End PBXResourcesBuildPhase section */

/* Begin PBXSourcesBuildPhase section */
		A71196EB2C28AE4C0011F308 /* Sources */ = {
			isa = PBXSourcesBuildPhase;
			buildActionMask = 2147483647;
			files = (
				A71196F92C28B6C80011F308 /* ViewModelTest.swift in Sources */,
				A71196F22C28AE4C0011F308 /* NotesTests.swift in Sources */,
				A7F1579F2C30D417009F1AB6 /* ViewModelIntegrationTest.swift in Sources */,
			);
			runOnlyForDeploymentPostprocessing = 0;
		};
		A79E92C42C163F7B00970DE8 /* Sources */ = {
			isa = PBXSourcesBuildPhase;
			buildActionMask = 2147483647;
			files = (
				A79E92CE2C163F7B00970DE8 /* ContentView.swift in Sources */,
				A71196FC2C28C4220011F308 /* NotesDatabase.swift in Sources */,
				A79E92E12C16408400970DE8 /* NotesViewModel.swift in Sources */,
				A79E92CC2C163F7B00970DE8 /* NotesTestingApp.swift in Sources */,
				A79E92E52C165D1D00970DE8 /* UpdateNoteView.swift in Sources */,
				A7F1579B2C30D170009F1AB6 /* CreateNoteUseCase.swift in Sources */,
				A7F1579D2C30D1D8009F1AB6 /* FetchNotesUseCase.swift in Sources */,
				A79E92E32C164A8300970DE8 /* CreateNoteView.swift in Sources */,
				A79E92DD2C163FF600970DE8 /* Note.swift in Sources */,
			);
			runOnlyForDeploymentPostprocessing = 0;
		};
/* End PBXSourcesBuildPhase section */

/* Begin PBXTargetDependency section */
		A71196F42C28AE4C0011F308 /* PBXTargetDependency */ = {
			isa = PBXTargetDependency;
			target = A79E92C72C163F7B00970DE8 /* NotesTesting */;
			targetProxy = A71196F32C28AE4C0011F308 /* PBXContainerItemProxy */;
		};
/* End PBXTargetDependency section */

/* Begin XCBuildConfiguration section */
		A71196F52C28AE4C0011F308 /* Debug */ = {
			isa = XCBuildConfiguration;
			buildSettings = {
				BUNDLE_LOADER = "$(TEST_HOST)";
				CODE_SIGN_STYLE = Automatic;
				CURRENT_PROJECT_VERSION = 1;
				DEVELOPMENT_TEAM = H963Q7AA95;
				GENERATE_INFOPLIST_FILE = YES;
				MARKETING_VERSION = 1.0;
				PRODUCT_BUNDLE_IDENTIFIER = com.leonardo.NotesTests;
				PRODUCT_NAME = "$(TARGET_NAME)";
				SWIFT_EMIT_LOC_STRINGS = NO;
				SWIFT_VERSION = 5.0;
				TARGETED_DEVICE_FAMILY = "1,2";
				TEST_HOST = "$(BUILT_PRODUCTS_DIR)/NotesTesting.app/$(BUNDLE_EXECUTABLE_FOLDER_PATH)/NotesTesting";
			};
			name = Debug;
		};
		A71196F62C28AE4C0011F308 /* Release */ = {
			isa = XCBuildConfiguration;
			buildSettings = {
				BUNDLE_LOADER = "$(TEST_HOST)";
				CODE_SIGN_STYLE = Automatic;
				CURRENT_PROJECT_VERSION = 1;
				DEVELOPMENT_TEAM = H963Q7AA95;
				GENERATE_INFOPLIST_FILE = YES;
				MARKETING_VERSION = 1.0;
				PRODUCT_BUNDLE_IDENTIFIER = com.leonardo.NotesTests;
				PRODUCT_NAME = "$(TARGET_NAME)";
				SWIFT_EMIT_LOC_STRINGS = NO;
				SWIFT_VERSION = 5.0;
				TARGETED_DEVICE_FAMILY = "1,2";
				TEST_HOST = "$(BUILT_PRODUCTS_DIR)/NotesTesting.app/$(BUNDLE_EXECUTABLE_FOLDER_PATH)/NotesTesting";
			};
			name = Release;
		};
		A79E92D62C163F7C00970DE8 /* Debug */ = {
			isa = XCBuildConfiguration;
			buildSettings = {
				ALWAYS_SEARCH_USER_PATHS = NO;
				ASSETCATALOG_COMPILER_GENERATE_SWIFT_ASSET_SYMBOL_EXTENSIONS = YES;
				CLANG_ANALYZER_NONNULL = YES;
				CLANG_ANALYZER_NUMBER_OBJECT_CONVERSION = YES_AGGRESSIVE;
				CLANG_CXX_LANGUAGE_STANDARD = "gnu++20";
				CLANG_ENABLE_MODULES = YES;
				CLANG_ENABLE_OBJC_ARC = YES;
				CLANG_ENABLE_OBJC_WEAK = YES;
				CLANG_WARN_BLOCK_CAPTURE_AUTORELEASING = YES;
				CLANG_WARN_BOOL_CONVERSION = YES;
				CLANG_WARN_COMMA = YES;
				CLANG_WARN_CONSTANT_CONVERSION = YES;
				CLANG_WARN_DEPRECATED_OBJC_IMPLEMENTATIONS = YES;
				CLANG_WARN_DIRECT_OBJC_ISA_USAGE = YES_ERROR;
				CLANG_WARN_DOCUMENTATION_COMMENTS = YES;
				CLANG_WARN_EMPTY_BODY = YES;
				CLANG_WARN_ENUM_CONVERSION = YES;
				CLANG_WARN_INFINITE_RECURSION = YES;
				CLANG_WARN_INT_CONVERSION = YES;
				CLANG_WARN_NON_LITERAL_NULL_CONVERSION = YES;
				CLANG_WARN_OBJC_IMPLICIT_RETAIN_SELF = YES;
				CLANG_WARN_OBJC_LITERAL_CONVERSION = YES;
				CLANG_WARN_OBJC_ROOT_CLASS = YES_ERROR;
				CLANG_WARN_QUOTED_INCLUDE_IN_FRAMEWORK_HEADER = YES;
				CLANG_WARN_RANGE_LOOP_ANALYSIS = YES;
				CLANG_WARN_STRICT_PROTOTYPES = YES;
				CLANG_WARN_SUSPICIOUS_MOVE = YES;
				CLANG_WARN_UNGUARDED_AVAILABILITY = YES_AGGRESSIVE;
				CLANG_WARN_UNREACHABLE_CODE = YES;
				CLANG_WARN__DUPLICATE_METHOD_MATCH = YES;
				COPY_PHASE_STRIP = NO;
				DEBUG_INFORMATION_FORMAT = dwarf;
				ENABLE_STRICT_OBJC_MSGSEND = YES;
				ENABLE_TESTABILITY = YES;
				ENABLE_USER_SCRIPT_SANDBOXING = YES;
				GCC_C_LANGUAGE_STANDARD = gnu17;
				GCC_DYNAMIC_NO_PIC = NO;
				GCC_NO_COMMON_BLOCKS = YES;
				GCC_OPTIMIZATION_LEVEL = 0;
				GCC_PREPROCESSOR_DEFINITIONS = (
					"DEBUG=1",
					"$(inherited)",
				);
				GCC_WARN_64_TO_32_BIT_CONVERSION = YES;
				GCC_WARN_ABOUT_RETURN_TYPE = YES_ERROR;
				GCC_WARN_UNDECLARED_SELECTOR = YES;
				GCC_WARN_UNINITIALIZED_AUTOS = YES_AGGRESSIVE;
				GCC_WARN_UNUSED_FUNCTION = YES;
				GCC_WARN_UNUSED_VARIABLE = YES;
				IPHONEOS_DEPLOYMENT_TARGET = 17.4;
				LOCALIZATION_PREFERS_STRING_CATALOGS = YES;
				MTL_ENABLE_DEBUG_INFO = INCLUDE_SOURCE;
				MTL_FAST_MATH = YES;
				ONLY_ACTIVE_ARCH = YES;
				SDKROOT = iphoneos;
				SWIFT_ACTIVE_COMPILATION_CONDITIONS = "DEBUG $(inherited)";
				SWIFT_OPTIMIZATION_LEVEL = "-Onone";
			};
			name = Debug;
		};
		A79E92D72C163F7C00970DE8 /* Release */ = {
			isa = XCBuildConfiguration;
			buildSettings = {
				ALWAYS_SEARCH_USER_PATHS = NO;
				ASSETCATALOG_COMPILER_GENERATE_SWIFT_ASSET_SYMBOL_EXTENSIONS = YES;
				CLANG_ANALYZER_NONNULL = YES;
				CLANG_ANALYZER_NUMBER_OBJECT_CONVERSION = YES_AGGRESSIVE;
				CLANG_CXX_LANGUAGE_STANDARD = "gnu++20";
				CLANG_ENABLE_MODULES = YES;
				CLANG_ENABLE_OBJC_ARC = YES;
				CLANG_ENABLE_OBJC_WEAK = YES;
				CLANG_WARN_BLOCK_CAPTURE_AUTORELEASING = YES;
				CLANG_WARN_BOOL_CONVERSION = YES;
				CLANG_WARN_COMMA = YES;
				CLANG_WARN_CONSTANT_CONVERSION = YES;
				CLANG_WARN_DEPRECATED_OBJC_IMPLEMENTATIONS = YES;
				CLANG_WARN_DIRECT_OBJC_ISA_USAGE = YES_ERROR;
				CLANG_WARN_DOCUMENTATION_COMMENTS = YES;
				CLANG_WARN_EMPTY_BODY = YES;
				CLANG_WARN_ENUM_CONVERSION = YES;
				CLANG_WARN_INFINITE_RECURSION = YES;
				CLANG_WARN_INT_CONVERSION = YES;
				CLANG_WARN_NON_LITERAL_NULL_CONVERSION = YES;
				CLANG_WARN_OBJC_IMPLICIT_RETAIN_SELF = YES;
				CLANG_WARN_OBJC_LITERAL_CONVERSION = YES;
				CLANG_WARN_OBJC_ROOT_CLASS = YES_ERROR;
				CLANG_WARN_QUOTED_INCLUDE_IN_FRAMEWORK_HEADER = YES;
				CLANG_WARN_RANGE_LOOP_ANALYSIS = YES;
				CLANG_WARN_STRICT_PROTOTYPES = YES;
				CLANG_WARN_SUSPICIOUS_MOVE = YES;
				CLANG_WARN_UNGUARDED_AVAILABILITY = YES_AGGRESSIVE;
				CLANG_WARN_UNREACHABLE_CODE = YES;
				CLANG_WARN__DUPLICATE_METHOD_MATCH = YES;
				COPY_PHASE_STRIP = NO;
				DEBUG_INFORMATION_FORMAT = "dwarf-with-dsym";
				ENABLE_NS_ASSERTIONS = NO;
				ENABLE_STRICT_OBJC_MSGSEND = YES;
				ENABLE_USER_SCRIPT_SANDBOXING = YES;
				GCC_C_LANGUAGE_STANDARD = gnu17;
				GCC_NO_COMMON_BLOCKS = YES;
				GCC_WARN_64_TO_32_BIT_CONVERSION = YES;
				GCC_WARN_ABOUT_RETURN_TYPE = YES_ERROR;
				GCC_WARN_UNDECLARED_SELECTOR = YES;
				GCC_WARN_UNINITIALIZED_AUTOS = YES_AGGRESSIVE;
				GCC_WARN_UNUSED_FUNCTION = YES;
				GCC_WARN_UNUSED_VARIABLE = YES;
				IPHONEOS_DEPLOYMENT_TARGET = 17.4;
				LOCALIZATION_PREFERS_STRING_CATALOGS = YES;
				MTL_ENABLE_DEBUG_INFO = NO;
				MTL_FAST_MATH = YES;
				SDKROOT = iphoneos;
				SWIFT_COMPILATION_MODE = wholemodule;
				VALIDATE_PRODUCT = YES;
			};
			name = Release;
		};
		A79E92D92C163F7C00970DE8 /* Debug */ = {
			isa = XCBuildConfiguration;
			buildSettings = {
				ASSETCATALOG_COMPILER_APPICON_NAME = AppIcon;
				ASSETCATALOG_COMPILER_GLOBAL_ACCENT_COLOR_NAME = AccentColor;
				CODE_SIGN_STYLE = Automatic;
				CURRENT_PROJECT_VERSION = 1;
				DEVELOPMENT_ASSET_PATHS = "\"NotesTesting/Preview Content\"";
				DEVELOPMENT_TEAM = H963Q7AA95;
				ENABLE_PREVIEWS = YES;
				GENERATE_INFOPLIST_FILE = YES;
				INFOPLIST_KEY_UIApplicationSceneManifest_Generation = YES;
				INFOPLIST_KEY_UIApplicationSupportsIndirectInputEvents = YES;
				INFOPLIST_KEY_UILaunchScreen_Generation = YES;
				INFOPLIST_KEY_UISupportedInterfaceOrientations_iPad = "UIInterfaceOrientationPortrait UIInterfaceOrientationPortraitUpsideDown UIInterfaceOrientationLandscapeLeft UIInterfaceOrientationLandscapeRight";
				INFOPLIST_KEY_UISupportedInterfaceOrientations_iPhone = "UIInterfaceOrientationPortrait UIInterfaceOrientationLandscapeLeft UIInterfaceOrientationLandscapeRight";
				LD_RUNPATH_SEARCH_PATHS = (
					"$(inherited)",
					"@executable_path/Frameworks",
				);
				MARKETING_VERSION = 1.0;
				PRODUCT_BUNDLE_IDENTIFIER = com.leonardo.NotesTesting;
				PRODUCT_NAME = "$(TARGET_NAME)";
				SWIFT_EMIT_LOC_STRINGS = YES;
				SWIFT_VERSION = 5.0;
				TARGETED_DEVICE_FAMILY = "1,2";
			};
			name = Debug;
		};
		A79E92DA2C163F7C00970DE8 /* Release */ = {
			isa = XCBuildConfiguration;
			buildSettings = {
				ASSETCATALOG_COMPILER_APPICON_NAME = AppIcon;
				ASSETCATALOG_COMPILER_GLOBAL_ACCENT_COLOR_NAME = AccentColor;
				CODE_SIGN_STYLE = Automatic;
				CURRENT_PROJECT_VERSION = 1;
				DEVELOPMENT_ASSET_PATHS = "\"NotesTesting/Preview Content\"";
				DEVELOPMENT_TEAM = H963Q7AA95;
				ENABLE_PREVIEWS = YES;
				GENERATE_INFOPLIST_FILE = YES;
				INFOPLIST_KEY_UIApplicationSceneManifest_Generation = YES;
				INFOPLIST_KEY_UIApplicationSupportsIndirectInputEvents = YES;
				INFOPLIST_KEY_UILaunchScreen_Generation = YES;
				INFOPLIST_KEY_UISupportedInterfaceOrientations_iPad = "UIInterfaceOrientationPortrait UIInterfaceOrientationPortraitUpsideDown UIInterfaceOrientationLandscapeLeft UIInterfaceOrientationLandscapeRight";
				INFOPLIST_KEY_UISupportedInterfaceOrientations_iPhone = "UIInterfaceOrientationPortrait UIInterfaceOrientationLandscapeLeft UIInterfaceOrientationLandscapeRight";
				LD_RUNPATH_SEARCH_PATHS = (
					"$(inherited)",
					"@executable_path/Frameworks",
				);
				MARKETING_VERSION = 1.0;
				PRODUCT_BUNDLE_IDENTIFIER = com.leonardo.NotesTesting;
				PRODUCT_NAME = "$(TARGET_NAME)";
				SWIFT_EMIT_LOC_STRINGS = YES;
				SWIFT_VERSION = 5.0;
				TARGETED_DEVICE_FAMILY = "1,2";
			};
			name = Release;
		};
/* End XCBuildConfiguration section */

/* Begin XCConfigurationList section */
		A71196F72C28AE4C0011F308 /* Build configuration list for PBXNativeTarget "NotesTests" */ = {
			isa = XCConfigurationList;
			buildConfigurations = (
				A71196F52C28AE4C0011F308 /* Debug */,
				A71196F62C28AE4C0011F308 /* Release */,
			);
			defaultConfigurationIsVisible = 0;
			defaultConfigurationName = Release;
		};
		A79E92C32C163F7B00970DE8 /* Build configuration list for PBXProject "NotesTesting" */ = {
			isa = XCConfigurationList;
			buildConfigurations = (
				A79E92D62C163F7C00970DE8 /* Debug */,
				A79E92D72C163F7C00970DE8 /* Release */,
			);
			defaultConfigurationIsVisible = 0;
			defaultConfigurationName = Release;
		};
		A79E92D82C163F7C00970DE8 /* Build configuration list for PBXNativeTarget "NotesTesting" */ = {
			isa = XCConfigurationList;
			buildConfigurations = (
				A79E92D92C163F7C00970DE8 /* Debug */,
				A79E92DA2C163F7C00970DE8 /* Release */,
			);
			defaultConfigurationIsVisible = 0;
			defaultConfigurationName = Release;
		};
/* End XCConfigurationList section */
	};
	rootObject = A79E92C02C163F7B00970DE8 /* Project object */;
}
